
Microsoft Visual Studio Solution File, Format Version 12.00
# Visual Studio Version 17
VisualStudioVersion = 17.9.34728.123
MinimumVisualStudioVersion = 10.0.40219.1
Project("{9A19103F-16F7-4668-BE54-9A1E7A4F7556}") = "GooseDesktop", "GooseDesktop\GooseDesktop.csproj", "{37A19698-9A14-41CE-9A28-A249003D63E5}"
EndProject
Project("{9A19103F-16F7-4668-BE54-9A1E7A4F7556}") = "GooseModdingAPI", "GooseModdingAPI\GooseModdingAPI.csproj", "{D83FFF84-6AEF-40A8-87F3-A20670663FF8}"
EndProject
Project("{9A19103F-16F7-4668-BE54-9A1E7A4F7556}") = "MMQ", "MMQ\MMQ.csproj", "{3948D156-9DEF-4314-A243-4AA8EFA1C8F8}"
EndProject
Global
	GlobalSection(SolutionConfigurationPlatforms) = preSolution
		Debug|Any CPU = Debug|Any CPU
		Release|Any CPU = Release|Any CPU
	EndGlobalSection
	GlobalSection(ProjectConfigurationPlatforms) = postSolution
		{37A19698-9A14-41CE-9A28-A249003D63E5}.Debug|Any CPU.ActiveCfg = Debug|Any CPU
		{37A19698-9A14-41CE-9A28-A249003D63E5}.Debug|Any CPU.Build.0 = Debug|Any CPU
		{37A19698-9A14-41CE-9A28-A249003D63E5}.Release|Any CPU.ActiveCfg = Release|Any CPU
		{37A19698-9A14-41CE-9A28-A249003D63E5}.Release|Any CPU.Build.0 = Release|Any CPU
		{D83FFF84-6AEF-40A8-87F3-A20670663FF8}.Debug|Any CPU.ActiveCfg = Debug|Any CPU
		{D83FFF84-6AEF-40A8-87F3-A20670663FF8}.Debug|Any CPU.Build.0 = Debug|Any CPU
		{D83FFF84-6AEF-40A8-87F3-A20670663FF8}.Release|Any CPU.ActiveCfg = Release|Any CPU
		{D83FFF84-6AEF-40A8-87F3-A20670663FF8}.Release|Any CPU.Build.0 = Release|Any CPU
		{3948D156-9DEF-4314-A243-4AA8EFA1C8F8}.Debug|Any CPU.ActiveCfg = Debug|Any CPU
		{3948D156-9DEF-4314-A243-4AA8EFA1C8F8}.Debug|Any CPU.Build.0 = Debug|Any CPU
		{3948D156-9DEF-4314-A243-4AA8EFA1C8F8}.Release|Any CPU.ActiveCfg = Release|Any CPU
		{3948D156-9DEF-4314-A243-4AA8EFA1C8F8}.Release|Any CPU.Build.0 = Release|Any CPU
	EndGlobalSection
	GlobalSection(SolutionProperties) = preSolution
		HideSolutionNode = FALSE
	EndGlobalSection
	GlobalSection(ExtensibilityGlobals) = postSolution
		SolutionGuid = {68971447-4591-4368-A635-6EE2AA69CCE4}
	EndGlobalSection
EndGlobal
