
Microsoft Visual Studio Solution File, Format Version 12.00
# Visual Studio Version 17
VisualStudioVersion = 17.9.34728.123
MinimumVisualStudioVersion = 10.0.40219.1
Project("{9A19103F-16F7-4668-BE54-9A1E7A4F7556}") = "GooseModdingAPI", "GooseModdingAPI.csproj", "{DB9FB169-F137-48C5-9B15-C5DEE2810775}"
EndProject
Global
	GlobalSection(SolutionConfigurationPlatforms) = preSolution
		Debug|Any CPU = Debug|Any CPU
		Release|Any CPU = Release|Any CPU
	EndGlobalSection
	GlobalSection(ProjectConfigurationPlatforms) = postSolution
		{DB9FB169-F137-48C5-9B15-C5DEE2810775}.Debug|Any CPU.ActiveCfg = Debug|Any CPU
		{DB9FB169-F137-48C5-9B15-C5DEE2810775}.Debug|Any CPU.Build.0 = Debug|Any CPU
		{DB9FB169-F137-48C5-9B15-C5DEE2810775}.Release|Any CPU.ActiveCfg = Release|Any CPU
		{DB9FB169-F137-48C5-9B15-C5DEE2810775}.Release|Any CPU.Build.0 = Release|Any CPU
	EndGlobalSection
	GlobalSection(SolutionProperties) = preSolution
		HideSolutionNode = FALSE
	EndGlobalSection
	GlobalSection(ExtensibilityGlobals) = postSolution
		SolutionGuid = {C95E3E73-41E0-4CCA-A5F6-FA9A8582EE72}
	EndGlobalSection
EndGlobal
